
Microsoft Visual Studio Solution File, Format Version 12.00
# Visual Studio 14
VisualStudioVersion = 14.0.25420.1
MinimumVisualStudioVersion = 10.0.40219.1
Project("{2150E333-8FDC-42A3-9474-1A3956D46DE8}") = "Engine", "Engine", "{64545465-6118-48F7-9CCB-13C739387100}"
EndProject
Project("{2150E333-8FDC-42A3-9474-1A3956D46DE8}") = "Games", "Games", "{D840B14C-3C9F-45E3-B3CF-7260DE3E03E1}"
EndProject
Project("{8BC9CEB8-8B4A-11D0-8D11-00A0C91BC942}") = "UE4", "Intermediate\ProjectFiles\UE4.vcxproj", "{A29FB163-4F69-4E90-B7AE-483E70A818C8}"
EndProject
Project("{8BC9CEB8-8B4A-11D0-8D11-00A0C91BC942}") = "MainMenu", "Intermediate\ProjectFiles\MainMenu.vcxproj", "{CBA0DA69-B050-418E-8BC4-A1E5136B760E}"
EndProject
Global
	GlobalSection(SolutionConfigurationPlatforms) = preSolution
		DebugGame Editor|HTML5 = DebugGame Editor|HTML5
		DebugGame Editor|Win32 = DebugGame Editor|Win32
		DebugGame Editor|Win64 = DebugGame Editor|Win64
		DebugGame|HTML5 = DebugGame|HTML5
		DebugGame|Win32 = DebugGame|Win32
		DebugGame|Win64 = DebugGame|Win64
		Development Editor|HTML5 = Development Editor|HTML5
		Development Editor|Win32 = Development Editor|Win32
		Development Editor|Win64 = Development Editor|Win64
		Development|HTML5 = Development|HTML5
		Development|Win32 = Development|Win32
		Development|Win64 = Development|Win64
		Shipping|HTML5 = Shipping|HTML5
		Shipping|Win32 = Shipping|Win32
		Shipping|Win64 = Shipping|Win64
	EndGlobalSection
	GlobalSection(ProjectConfigurationPlatforms) = postSolution
		{A29FB163-4F69-4E90-B7AE-483E70A818C8}.DebugGame Editor|HTML5.ActiveCfg = BuiltWithUnrealBuildTool|Win32
		{A29FB163-4F69-4E90-B7AE-483E70A818C8}.DebugGame Editor|HTML5.Build.0 = BuiltWithUnrealBuildTool|Win32
		{A29FB163-4F69-4E90-B7AE-483E70A818C8}.DebugGame Editor|Win32.ActiveCfg = BuiltWithUnrealBuildTool|Win32
		{A29FB163-4F69-4E90-B7AE-483E70A818C8}.DebugGame Editor|Win32.Build.0 = BuiltWithUnrealBuildTool|Win32
		{A29FB163-4F69-4E90-B7AE-483E70A818C8}.DebugGame Editor|Win64.ActiveCfg = BuiltWithUnrealBuildTool|Win32
		{A29FB163-4F69-4E90-B7AE-483E70A818C8}.DebugGame Editor|Win64.Build.0 = BuiltWithUnrealBuildTool|Win32
		{A29FB163-4F69-4E90-B7AE-483E70A818C8}.DebugGame|HTML5.ActiveCfg = BuiltWithUnrealBuildTool|Win32
		{A29FB163-4F69-4E90-B7AE-483E70A818C8}.DebugGame|HTML5.Build.0 = BuiltWithUnrealBuildTool|Win32
		{A29FB163-4F69-4E90-B7AE-483E70A818C8}.DebugGame|Win32.ActiveCfg = BuiltWithUnrealBuildTool|Win32
		{A29FB163-4F69-4E90-B7AE-483E70A818C8}.DebugGame|Win32.Build.0 = BuiltWithUnrealBuildTool|Win32
		{A29FB163-4F69-4E90-B7AE-483E70A818C8}.DebugGame|Win64.ActiveCfg = BuiltWithUnrealBuildTool|Win32
		{A29FB163-4F69-4E90-B7AE-483E70A818C8}.DebugGame|Win64.Build.0 = BuiltWithUnrealBuildTool|Win32
		{A29FB163-4F69-4E90-B7AE-483E70A818C8}.Development Editor|HTML5.ActiveCfg = BuiltWithUnrealBuildTool|Win32
		{A29FB163-4F69-4E90-B7AE-483E70A818C8}.Development Editor|HTML5.Build.0 = BuiltWithUnrealBuildTool|Win32
		{A29FB163-4F69-4E90-B7AE-483E70A818C8}.Development Editor|Win32.ActiveCfg = BuiltWithUnrealBuildTool|Win32
		{A29FB163-4F69-4E90-B7AE-483E70A818C8}.Development Editor|Win32.Build.0 = BuiltWithUnrealBuildTool|Win32
		{A29FB163-4F69-4E90-B7AE-483E70A818C8}.Development Editor|Win64.ActiveCfg = BuiltWithUnrealBuildTool|Win32
		{A29FB163-4F69-4E90-B7AE-483E70A818C8}.Development Editor|Win64.Build.0 = BuiltWithUnrealBuildTool|Win32
		{A29FB163-4F69-4E90-B7AE-483E70A818C8}.Development|HTML5.ActiveCfg = BuiltWithUnrealBuildTool|Win32
		{A29FB163-4F69-4E90-B7AE-483E70A818C8}.Development|HTML5.Build.0 = BuiltWithUnrealBuildTool|Win32
		{A29FB163-4F69-4E90-B7AE-483E70A818C8}.Development|Win32.ActiveCfg = BuiltWithUnrealBuildTool|Win32
		{A29FB163-4F69-4E90-B7AE-483E70A818C8}.Development|Win32.Build.0 = BuiltWithUnrealBuildTool|Win32
		{A29FB163-4F69-4E90-B7AE-483E70A818C8}.Development|Win64.ActiveCfg = BuiltWithUnrealBuildTool|Win32
		{A29FB163-4F69-4E90-B7AE-483E70A818C8}.Development|Win64.Build.0 = BuiltWithUnrealBuildTool|Win32
		{A29FB163-4F69-4E90-B7AE-483E70A818C8}.Shipping|HTML5.ActiveCfg = BuiltWithUnrealBuildTool|Win32
		{A29FB163-4F69-4E90-B7AE-483E70A818C8}.Shipping|HTML5.Build.0 = BuiltWithUnrealBuildTool|Win32
		{A29FB163-4F69-4E90-B7AE-483E70A818C8}.Shipping|Win32.ActiveCfg = BuiltWithUnrealBuildTool|Win32
		{A29FB163-4F69-4E90-B7AE-483E70A818C8}.Shipping|Win32.Build.0 = BuiltWithUnrealBuildTool|Win32
		{A29FB163-4F69-4E90-B7AE-483E70A818C8}.Shipping|Win64.ActiveCfg = BuiltWithUnrealBuildTool|Win32
		{A29FB163-4F69-4E90-B7AE-483E70A818C8}.Shipping|Win64.Build.0 = BuiltWithUnrealBuildTool|Win32
		{CBA0DA69-B050-418E-8BC4-A1E5136B760E}.DebugGame Editor|HTML5.ActiveCfg = HTML5_DebugGame_Editor|Win32
		{CBA0DA69-B050-418E-8BC4-A1E5136B760E}.DebugGame Editor|Win32.ActiveCfg = DebugGame_Editor|Win32
		{CBA0DA69-B050-418E-8BC4-A1E5136B760E}.DebugGame Editor|Win64.ActiveCfg = DebugGame_Editor|x64
		{CBA0DA69-B050-418E-8BC4-A1E5136B760E}.DebugGame Editor|Win64.Build.0 = DebugGame_Editor|x64
		{CBA0DA69-B050-418E-8BC4-A1E5136B760E}.DebugGame|HTML5.ActiveCfg = HTML5_DebugGame_Game|Win32
		{CBA0DA69-B050-418E-8BC4-A1E5136B760E}.DebugGame|HTML5.Build.0 = HTML5_DebugGame_Game|Win32
		{CBA0DA69-B050-418E-8BC4-A1E5136B760E}.DebugGame|Win32.ActiveCfg = DebugGame_Game|Win32
		{CBA0DA69-B050-418E-8BC4-A1E5136B760E}.DebugGame|Win32.Build.0 = DebugGame_Game|Win32
		{CBA0DA69-B050-418E-8BC4-A1E5136B760E}.DebugGame|Win64.ActiveCfg = DebugGame_Game|x64
		{CBA0DA69-B050-418E-8BC4-A1E5136B760E}.DebugGame|Win64.Build.0 = DebugGame_Game|x64
		{CBA0DA69-B050-418E-8BC4-A1E5136B760E}.Development Editor|HTML5.ActiveCfg = HTML5_Development_Editor|Win32
		{CBA0DA69-B050-418E-8BC4-A1E5136B760E}.Development Editor|Win32.ActiveCfg = Development_Editor|Win32
		{CBA0DA69-B050-418E-8BC4-A1E5136B760E}.Development Editor|Win64.ActiveCfg = Development_Editor|x64
		{CBA0DA69-B050-418E-8BC4-A1E5136B760E}.Development Editor|Win64.Build.0 = Development_Editor|x64
		{CBA0DA69-B050-418E-8BC4-A1E5136B760E}.Development|HTML5.ActiveCfg = HTML5_Development_Game|Win32
		{CBA0DA69-B050-418E-8BC4-A1E5136B760E}.Development|HTML5.Build.0 = HTML5_Development_Game|Win32
		{CBA0DA69-B050-418E-8BC4-A1E5136B760E}.Development|Win32.ActiveCfg = Development_Game|Win32
		{CBA0DA69-B050-418E-8BC4-A1E5136B760E}.Development|Win32.Build.0 = Development_Game|Win32
		{CBA0DA69-B050-418E-8BC4-A1E5136B760E}.Development|Win64.ActiveCfg = Development_Game|x64
		{CBA0DA69-B050-418E-8BC4-A1E5136B760E}.Development|Win64.Build.0 = Development_Game|x64
		{CBA0DA69-B050-418E-8BC4-A1E5136B760E}.Shipping|HTML5.ActiveCfg = HTML5_Shipping_Game|Win32
		{CBA0DA69-B050-418E-8BC4-A1E5136B760E}.Shipping|HTML5.Build.0 = HTML5_Shipping_Game|Win32
		{CBA0DA69-B050-418E-8BC4-A1E5136B760E}.Shipping|Win32.ActiveCfg = Shipping_Game|Win32
		{CBA0DA69-B050-418E-8BC4-A1E5136B760E}.Shipping|Win32.Build.0 = Shipping_Game|Win32
		{CBA0DA69-B050-418E-8BC4-A1E5136B760E}.Shipping|Win64.ActiveCfg = Shipping_Game|x64
		{CBA0DA69-B050-418E-8BC4-A1E5136B760E}.Shipping|Win64.Build.0 = Shipping_Game|x64
	EndGlobalSection
	GlobalSection(SolutionProperties) = preSolution
		HideSolutionNode = FALSE
	EndGlobalSection
	GlobalSection(NestedProjects) = preSolution
		{A29FB163-4F69-4E90-B7AE-483E70A818C8} = {64545465-6118-48F7-9CCB-13C739387100}
		{CBA0DA69-B050-418E-8BC4-A1E5136B760E} = {D840B14C-3C9F-45E3-B3CF-7260DE3E03E1}
	EndGlobalSection
EndGlobal
